// !$*UTF8*$!
{
	archiveVersion = 1;
	classes = {
	};
	objectVersion = 56;
	objects = {

/* Begin PBXBuildFile section */
		0E70C5342B97EFDD004BEE9B /* AppDelegate.m in Sources */ = {isa = PBXBuildFile; fileRef = 0E70C5332B97EFDD004BEE9B /* AppDelegate.m */; };
		0E70C5372B97EFDD004BEE9B /* SceneDelegate.m in Sources */ = {isa = PBXBuildFile; fileRef = 0E70C5362B97EFDD004BEE9B /* SceneDelegate.m */; };
		0E70C53A2B97EFDD004BEE9B /* ViewController.m in Sources */ = {isa = PBXBuildFile; fileRef = 0E70C5392B97EFDD004BEE9B /* ViewController.m */; };
		0E70C53D2B97EFDD004BEE9B /* Main.storyboard in Resources */ = {isa = PBXBuildFile; fileRef = 0E70C53B2B97EFDD004BEE9B /* Main.storyboard */; };
		0E70C53F2B97EFDE004BEE9B /* Assets.xcassets in Resources */ = {isa = PBXBuildFile; fileRef = 0E70C53E2B97EFDE004BEE9B /* Assets.xcassets */; };
		0E70C5422B97EFDE004BEE9B /* LaunchScreen.storyboard in Resources */ = {isa = PBXBuildFile; fileRef = 0E70C5402B97EFDE004BEE9B /* LaunchScreen.storyboard */; };
		0E70C5452B97EFDE004BEE9B /* main.m in Sources */ = {isa = PBXBuildFile; fileRef = 0E70C5442B97EFDE004BEE9B /* main.m */; };
		0E70C54F2B97EFDE004BEE9B /* CatMeowAppTests.m in Sources */ = {isa = PBXBuildFile; fileRef = 0E70C54E2B97EFDE004BEE9B /* CatMeowAppTests.m */; };
		0E70C5592B97EFDE004BEE9B /* CatMeowAppUITests.m in Sources */ = {isa = PBXBuildFile; fileRef = 0E70C5582B97EFDE004BEE9B /* CatMeowAppUITests.m */; };
		0E70C55B2B97EFDE004BEE9B /* CatMeowAppUITestsLaunchTests.m in Sources */ = {isa = PBXBuildFile; fileRef = 0E70C55A2B97EFDE004BEE9B /* CatMeowAppUITestsLaunchTests.m */; };
		0E70C5682B97F2B4004BEE9B /* Cat.wav in Resources */ = {isa = PBXBuildFile; fileRef = 0E70C5672B97F2B4004BEE9B /* Cat.wav */; };
		0E70C5692B97F2B4004BEE9B /* Cat.wav in Resources */ = {isa = PBXBuildFile; fileRef = 0E70C5672B97F2B4004BEE9B /* Cat.wav */; };
		0E70C56A2B97F2B4004BEE9B /* Cat.wav in Resources */ = {isa = PBXBuildFile; fileRef = 0E70C5672B97F2B4004BEE9B /* Cat.wav */; };
		0EC577412B9A7FBE00C3B54E /* AudioToolbox.framework in Frameworks */ = {isa = PBXBuildFile; fileRef = 0EC577402B9A7FBD00C3B54E /* AudioToolbox.framework */; };
/* End PBXBuildFile section */

/* Begin PBXContainerItemProxy section */
		0E70C54B2B97EFDE004BEE9B /* PBXContainerItemProxy */ = {
			isa = PBXContainerItemProxy;
			containerPortal = 0E70C5272B97EFDD004BEE9B /* Project object */;
			proxyType = 1;
			remoteGlobalIDString = 0E70C52E2B97EFDD004BEE9B;
			remoteInfo = CatMeowApp;
		};
		0E70C5552B97EFDE004BEE9B /* PBXContainerItemProxy */ = {
			isa = PBXContainerItemProxy;
			containerPortal = 0E70C5272B97EFDD004BEE9B /* Project object */;
			proxyType = 1;
			remoteGlobalIDString = 0E70C52E2B97EFDD004BEE9B;
			remoteInfo = CatMeowApp;
		};
/* End PBXContainerItemProxy section */

/* Begin PBXFileReference section */
		0E70C52F2B97EFDD004BEE9B /* CatMeowApp.app */ = {isa = PBXFileReference; explicitFileType = wrapper.application; includeInIndex = 0; path = CatMeowApp.app; sourceTree = BUILT_PRODUCTS_DIR; };
		0E70C5322B97EFDD004BEE9B /* AppDelegate.h */ = {isa = PBXFileReference; lastKnownFileType = sourcecode.c.h; path = AppDelegate.h; sourceTree = "<group>"; };
		0E70C5332B97EFDD004BEE9B /* AppDelegate.m */ = {isa = PBXFileReference; lastKnownFileType = sourcecode.c.objc; path = AppDelegate.m; sourceTree = "<group>"; };
		0E70C5352B97EFDD004BEE9B /* SceneDelegate.h */ = {isa = PBXFileReference; lastKnownFileType = sourcecode.c.h; path = SceneDelegate.h; sourceTree = "<group>"; };
		0E70C5362B97EFDD004BEE9B /* SceneDelegate.m */ = {isa = PBXFileReference; lastKnownFileType = sourcecode.c.objc; path = SceneDelegate.m; sourceTree = "<group>"; };
		0E70C5382B97EFDD004BEE9B /* ViewController.h */ = {isa = PBXFileReference; lastKnownFileType = sourcecode.c.h; path = ViewController.h; sourceTree = "<group>"; };
		0E70C5392B97EFDD004BEE9B /* ViewController.m */ = {isa = PBXFileReference; lastKnownFileType = sourcecode.c.objc; path = ViewController.m; sourceTree = "<group>"; };
		0E70C53C2B97EFDD004BEE9B /* Base */ = {isa = PBXFileReference; lastKnownFileType = file.storyboard; name = Base; path = Base.lproj/Main.storyboard; sourceTree = "<group>"; };
		0E70C53E2B97EFDE004BEE9B /* Assets.xcassets */ = {isa = PBXFileReference; lastKnownFileType = folder.assetcatalog; path = Assets.xcassets; sourceTree = "<group>"; };
		0E70C5412B97EFDE004BEE9B /* Base */ = {isa = PBXFileReference; lastKnownFileType = file.storyboard; name = Base; path = Base.lproj/LaunchScreen.storyboard; sourceTree = "<group>"; };
		0E70C5432B97EFDE004BEE9B /* Info.plist */ = {isa = PBXFileReference; lastKnownFileType = text.plist.xml; path = Info.plist; sourceTree = "<group>"; };
		0E70C5442B97EFDE004BEE9B /* main.m */ = {isa = PBXFileReference; lastKnownFileType = sourcecode.c.objc; path = main.m; sourceTree = "<group>"; };
		0E70C54A2B97EFDE004BEE9B /* CatMeowAppTests.xctest */ = {isa = PBXFileReference; explicitFileType = wrapper.cfbundle; includeInIndex = 0; path = CatMeowAppTests.xctest; sourceTree = BUILT_PRODUCTS_DIR; };
		0E70C54E2B97EFDE004BEE9B /* CatMeowAppTests.m */ = {isa = PBXFileReference; lastKnownFileType = sourcecode.c.objc; path = CatMeowAppTests.m; sourceTree = "<group>"; };
		0E70C5542B97EFDE004BEE9B /* CatMeowAppUITests.xctest */ = {isa = PBXFileReference; explicitFileType = wrapper.cfbundle; includeInIndex = 0; path = CatMeowAppUITests.xctest; sourceTree = BUILT_PRODUCTS_DIR; };
		0E70C5582B97EFDE004BEE9B /* CatMeowAppUITests.m */ = {isa = PBXFileReference; lastKnownFileType = sourcecode.c.objc; path = CatMeowAppUITests.m; sourceTree = "<group>"; };
		0E70C55A2B97EFDE004BEE9B /* CatMeowAppUITestsLaunchTests.m */ = {isa = PBXFileReference; lastKnownFileType = sourcecode.c.objc; path = CatMeowAppUITestsLaunchTests.m; sourceTree = "<group>"; };
		0E70C5672B97F2B4004BEE9B /* Cat.wav */ = {isa = PBXFileReference; lastKnownFileType = audio.wav; path = Cat.wav; sourceTree = "<group>"; };
		0EC577402B9A7FBD00C3B54E /* AudioToolbox.framework */ = {isa = PBXFileReference; lastKnownFileType = wrapper.framework; name = AudioToolbox.framework; path = System/Library/Frameworks/AudioToolbox.framework; sourceTree = SDKROOT; };
/* End PBXFileReference section */

/* Begin PBXFrameworksBuildPhase section */
		0E70C52C2B97EFDD004BEE9B /* Frameworks */ = {
			isa = PBXFrameworksBuildPhase;
			buildActionMask = 2147483647;
			files = (
				0EC577412B9A7FBE00C3B54E /* AudioToolbox.framework in Frameworks */,
			);
			runOnlyForDeploymentPostprocessing = 0;
		};
		0E70C5472B97EFDE004BEE9B /* Frameworks */ = {
			isa = PBXFrameworksBuildPhase;
			buildActionMask = 2147483647;
			files = (
			);
			runOnlyForDeploymentPostprocessing = 0;
		};
		0E70C5512B97EFDE004BEE9B /* Frameworks */ = {
			isa = PBXFrameworksBuildPhase;
			buildActionMask = 2147483647;
			files = (
			);
			runOnlyForDeploymentPostprocessing = 0;
		};
/* End PBXFrameworksBuildPhase section */

/* Begin PBXGroup section */
		0E70C5262B97EFDD004BEE9B = {
			isa = PBXGroup;
			children = (
				0E70C5312B97EFDD004BEE9B /* CatMeowApp */,
				0E70C54D2B97EFDE004BEE9B /* CatMeowAppTests */,
				0E70C5572B97EFDE004BEE9B /* CatMeowAppUITests */,
				0E70C5302B97EFDD004BEE9B /* Products */,
				0EC5773F2B9A7FBD00C3B54E /* Frameworks */,
			);
			sourceTree = "<group>";
		};
		0E70C5302B97EFDD004BEE9B /* Products */ = {
			isa = PBXGroup;
			children = (
				0E70C52F2B97EFDD004BEE9B /* CatMeowApp.app */,
				0E70C54A2B97EFDE004BEE9B /* CatMeowAppTests.xctest */,
				0E70C5542B97EFDE004BEE9B /* CatMeowAppUITests.xctest */,
			);
			name = Products;
			sourceTree = "<group>";
		};
		0E70C5312B97EFDD004BEE9B /* CatMeowApp */ = {
			isa = PBXGroup;
			children = (
				0E70C5322B97EFDD004BEE9B /* AppDelegate.h */,
				0E70C5332B97EFDD004BEE9B /* AppDelegate.m */,
				0E70C5352B97EFDD004BEE9B /* SceneDelegate.h */,
				0E70C5362B97EFDD004BEE9B /* SceneDelegate.m */,
				0E70C5382B97EFDD004BEE9B /* ViewController.h */,
				0E70C5392B97EFDD004BEE9B /* ViewController.m */,
				0E70C53B2B97EFDD004BEE9B /* Main.storyboard */,
				0E70C53E2B97EFDE004BEE9B /* Assets.xcassets */,
				0E70C5402B97EFDE004BEE9B /* LaunchScreen.storyboard */,
				0E70C5432B97EFDE004BEE9B /* Info.plist */,
				0E70C5442B97EFDE004BEE9B /* main.m */,
				0E70C5672B97F2B4004BEE9B /* Cat.wav */,
			);
			path = CatMeowApp;
			sourceTree = "<group>";
		};
		0E70C54D2B97EFDE004BEE9B /* CatMeowAppTests */ = {
			isa = PBXGroup;
			children = (
				0E70C54E2B97EFDE004BEE9B /* CatMeowAppTests.m */,
			);
			path = CatMeowAppTests;
			sourceTree = "<group>";
		};
		0E70C5572B97EFDE004BEE9B /* CatMeowAppUITests */ = {
			isa = PBXGroup;
			children = (
				0E70C5582B97EFDE004BEE9B /* CatMeowAppUITests.m */,
				0E70C55A2B97EFDE004BEE9B /* CatMeowAppUITestsLaunchTests.m */,
			);
			path = CatMeowAppUITests;
			sourceTree = "<group>";
		};
		0EC5773F2B9A7FBD00C3B54E /* Frameworks */ = {
			isa = PBXGroup;
			children = (
				0EC577402B9A7FBD00C3B54E /* AudioToolbox.framework */,
			);
			name = Frameworks;
			sourceTree = "<group>";
		};
/* End PBXGroup section */

/* Begin PBXNativeTarget section */
		0E70C52E2B97EFDD004BEE9B /* CatMeowApp */ = {
			isa = PBXNativeTarget;
			buildConfigurationList = 0E70C55E2B97EFDE004BEE9B /* Build configuration list for PBXNativeTarget "CatMeowApp" */;
			buildPhases = (
				0E70C52B2B97EFDD004BEE9B /* Sources */,
				0E70C52C2B97EFDD004BEE9B /* Frameworks */,
				0E70C52D2B97EFDD004BEE9B /* Resources */,
			);
			buildRules = (
			);
			dependencies = (
			);
			name = CatMeowApp;
			productName = CatMeowApp;
			productReference = 0E70C52F2B97EFDD004BEE9B /* CatMeowApp.app */;
			productType = "com.apple.product-type.application";
		};
		0E70C5492B97EFDE004BEE9B /* CatMeowAppTests */ = {
			isa = PBXNativeTarget;
			buildConfigurationList = 0E70C5612B97EFDE004BEE9B /* Build configuration list for PBXNativeTarget "CatMeowAppTests" */;
			buildPhases = (
				0E70C5462B97EFDE004BEE9B /* Sources */,
				0E70C5472B97EFDE004BEE9B /* Frameworks */,
				0E70C5482B97EFDE004BEE9B /* Resources */,
			);
			buildRules = (
			);
			dependencies = (
				0E70C54C2B97EFDE004BEE9B /* PBXTargetDependency */,
			);
			name = CatMeowAppTests;
			productName = CatMeowAppTests;
			productReference = 0E70C54A2B97EFDE004BEE9B /* CatMeowAppTests.xctest */;
			productType = "com.apple.product-type.bundle.unit-test";
		};
		0E70C5532B97EFDE004BEE9B /* CatMeowAppUITests */ = {
			isa = PBXNativeTarget;
			buildConfigurationList = 0E70C5642B97EFDE004BEE9B /* Build configuration list for PBXNativeTarget "CatMeowAppUITests" */;
			buildPhases = (
				0E70C5502B97EFDE004BEE9B /* Sources */,
				0E70C5512B97EFDE004BEE9B /* Frameworks */,
				0E70C5522B97EFDE004BEE9B /* Resources */,
			);
			buildRules = (
			);
			dependencies = (
				0E70C5562B97EFDE004BEE9B /* PBXTargetDependency */,
			);
			name = CatMeowAppUITests;
			productName = CatMeowAppUITests;
			productReference = 0E70C5542B97EFDE004BEE9B /* CatMeowAppUITests.xctest */;
			productType = "com.apple.product-type.bundle.ui-testing";
		};
/* End PBXNativeTarget section */

/* Begin PBXProject section */
		0E70C5272B97EFDD004BEE9B /* Project object */ = {
			isa = PBXProject;
			attributes = {
				BuildIndependentTargetsInParallel = 1;
				LastUpgradeCheck = 1430;
				TargetAttributes = {
					0E70C52E2B97EFDD004BEE9B = {
						CreatedOnToolsVersion = 14.3;
					};
					0E70C5492B97EFDE004BEE9B = {
						CreatedOnToolsVersion = 14.3;
						TestTargetID = 0E70C52E2B97EFDD004BEE9B;
					};
					0E70C5532B97EFDE004BEE9B = {
						CreatedOnToolsVersion = 14.3;
						TestTargetID = 0E70C52E2B97EFDD004BEE9B;
					};
				};
			};
			buildConfigurationList = 0E70C52A2B97EFDD004BEE9B /* Build configuration list for PBXProject "CatMeowApp" */;
			compatibilityVersion = "Xcode 14.0";
			developmentRegion = en;
			hasScannedForEncodings = 0;
			knownRegions = (
				en,
				Base,
			);
			mainGroup = 0E70C5262B97EFDD004BEE9B;
			productRefGroup = 0E70C5302B97EFDD004BEE9B /* Products */;
			projectDirPath = "";
			projectRoot = "";
			targets = (
				0E70C52E2B97EFDD004BEE9B /* CatMeowApp */,
				0E70C5492B97EFDE004BEE9B /* CatMeowAppTests */,
				0E70C5532B97EFDE004BEE9B /* CatMeowAppUITests */,
			);
		};
/* End PBXProject section */

/* Begin PBXResourcesBuildPhase section */
		0E70C52D2B97EFDD004BEE9B /* Resources */ = {
			isa = PBXResourcesBuildPhase;
			buildActionMask = 2147483647;
			files = (
				0E70C5422B97EFDE004BEE9B /* LaunchScreen.storyboard in Resources */,
				0E70C53F2B97EFDE004BEE9B /* Assets.xcassets in Resources */,
				0E70C53D2B97EFDD004BEE9B /* Main.storyboard in Resources */,
				0E70C5682B97F2B4004BEE9B /* Cat.wav in Resources */,
			);
			runOnlyForDeploymentPostprocessing = 0;
		};
		0E70C5482B97EFDE004BEE9B /* Resources */ = {
			isa = PBXResourcesBuildPhase;
			buildActionMask = 2147483647;
			files = (
				0E70C5692B97F2B4004BEE9B /* Cat.wav in Resources */,
			);
			runOnlyForDeploymentPostprocessing = 0;
		};
		0E70C5522B97EFDE004BEE9B /* Resources */ = {
			isa = PBXResourcesBuildPhase;
			buildActionMask = 2147483647;
			files = (
				0E70C56A2B97F2B4004BEE9B /* Cat.wav in Resources */,
			);
			runOnlyForDeploymentPostprocessing = 0;
		};
/* End PBXResourcesBuildPhase section */

/* Begin PBXSourcesBuildPhase section */
		0E70C52B2B97EFDD004BEE9B /* Sources */ = {
			isa = PBXSourcesBuildPhase;
			buildActionMask = 2147483647;
			files = (
				0E70C53A2B97EFDD004BEE9B /* ViewController.m in Sources */,
				0E70C5342B97EFDD004BEE9B /* AppDelegate.m in Sources */,
				0E70C5452B97EFDE004BEE9B /* main.m in Sources */,
				0E70C5372B97EFDD004BEE9B /* SceneDelegate.m in Sources */,
			);
			runOnlyForDeploymentPostprocessing = 0;
		};
		0E70C5462B97EFDE004BEE9B /* Sources */ = {
			isa = PBXSourcesBuildPhase;
			buildActionMask = 2147483647;
			files = (
				0E70C54F2B97EFDE004BEE9B /* CatMeowAppTests.m in Sources */,
			);
			runOnlyForDeploymentPostprocessing = 0;
		};
		0E70C5502B97EFDE004BEE9B /* Sources */ = {
			isa = PBXSourcesBuildPhase;
			buildActionMask = 2147483647;
			files = (
				0E70C5592B97EFDE004BEE9B /* CatMeowAppUITests.m in Sources */,
				0E70C55B2B97EFDE004BEE9B /* CatMeowAppUITestsLaunchTests.m in Sources */,
			);
			runOnlyForDeploymentPostprocessing = 0;
		};
/* End PBXSourcesBuildPhase section */

/* Begin PBXTargetDependency section */
		0E70C54C2B97EFDE004BEE9B /* PBXTargetDependency */ = {
			isa = PBXTargetDependency;
			target = 0E70C52E2B97EFDD004BEE9B /* CatMeowApp */;
			targetProxy = 0E70C54B2B97EFDE004BEE9B /* PBXContainerItemProxy */;
		};
		0E70C5562B97EFDE004BEE9B /* PBXTargetDependency */ = {
			isa = PBXTargetDependency;
			target = 0E70C52E2B97EFDD004BEE9B /* CatMeowApp */;
			targetProxy = 0E70C5552B97EFDE004BEE9B /* PBXContainerItemProxy */;
		};
/* End PBXTargetDependency section */

/* Begin PBXVariantGroup section */
		0E70C53B2B97EFDD004BEE9B /* Main.storyboard */ = {
			isa = PBXVariantGroup;
			children = (
				0E70C53C2B97EFDD004BEE9B /* Base */,
			);
			name = Main.storyboard;
			sourceTree = "<group>";
		};
		0E70C5402B97EFDE004BEE9B /* LaunchScreen.storyboard */ = {
			isa = PBXVariantGroup;
			children = (
				0E70C5412B97EFDE004BEE9B /* Base */,
			);
			name = LaunchScreen.storyboard;
			sourceTree = "<group>";
		};
/* End PBXVariantGroup section */

/* Begin XCBuildConfiguration section */
		0E70C55C2B97EFDE004BEE9B /* Debug */ = {
			isa = XCBuildConfiguration;
			buildSettings = {
				ALWAYS_SEARCH_USER_PATHS = NO;
				CLANG_ANALYZER_NONNULL = YES;
				CLANG_ANALYZER_NUMBER_OBJECT_CONVERSION = YES_AGGRESSIVE;
				CLANG_CXX_LANGUAGE_STANDARD = "gnu++20";
				CLANG_ENABLE_MODULES = YES;
				CLANG_ENABLE_OBJC_ARC = YES;
				CLANG_ENABLE_OBJC_WEAK = YES;
				CLANG_WARN_BLOCK_CAPTURE_AUTORELEASING = YES;
				CLANG_WARN_BOOL_CONVERSION = YES;
				CLANG_WARN_COMMA = YES;
				CLANG_WARN_CONSTANT_CONVERSION = YES;
				CLANG_WARN_DEPRECATED_OBJC_IMPLEMENTATIONS = YES;
				CLANG_WARN_DIRECT_OBJC_ISA_USAGE = YES_ERROR;
				CLANG_WARN_DOCUMENTATION_COMMENTS = YES;
				CLANG_WARN_EMPTY_BODY = YES;
				CLANG_WARN_ENUM_CONVERSION = YES;
				CLANG_WARN_INFINITE_RECURSION = YES;
				CLANG_WARN_INT_CONVERSION = YES;
				CLANG_WARN_NON_LITERAL_NULL_CONVERSION = YES;
				CLANG_WARN_OBJC_IMPLICIT_RETAIN_SELF = YES;
				CLANG_WARN_OBJC_LITERAL_CONVERSION = YES;
				CLANG_WARN_OBJC_ROOT_CLASS = YES_ERROR;
				CLANG_WARN_QUOTED_INCLUDE_IN_FRAMEWORK_HEADER = YES;
				CLANG_WARN_RANGE_LOOP_ANALYSIS = YES;
				CLANG_WARN_STRICT_PROTOTYPES = YES;
				CLANG_WARN_SUSPICIOUS_MOVE = YES;
				CLANG_WARN_UNGUARDED_AVAILABILITY = YES_AGGRESSIVE;
				CLANG_WARN_UNREACHABLE_CODE = YES;
				CLANG_WARN__DUPLICATE_METHOD_MATCH = YES;
				COPY_PHASE_STRIP = NO;
				DEBUG_INFORMATION_FORMAT = dwarf;
				ENABLE_STRICT_OBJC_MSGSEND = YES;
				ENABLE_TESTABILITY = YES;
				GCC_C_LANGUAGE_STANDARD = gnu11;
				GCC_DYNAMIC_NO_PIC = NO;
				GCC_NO_COMMON_BLOCKS = YES;
				GCC_OPTIMIZATION_LEVEL = 0;
				GCC_PREPROCESSOR_DEFINITIONS = (
					"DEBUG=1",
					"$(inherited)",
				);
				GCC_WARN_64_TO_32_BIT_CONVERSION = YES;
				GCC_WARN_ABOUT_RETURN_TYPE = YES_ERROR;
				GCC_WARN_UNDECLARED_SELECTOR = YES;
				GCC_WARN_UNINITIALIZED_AUTOS = YES_AGGRESSIVE;
				GCC_WARN_UNUSED_FUNCTION = YES;
				GCC_WARN_UNUSED_VARIABLE = YES;
				IPHONEOS_DEPLOYMENT_TARGET = 16.4;
				MTL_ENABLE_DEBUG_INFO = INCLUDE_SOURCE;
				MTL_FAST_MATH = YES;
				ONLY_ACTIVE_ARCH = YES;
				SDKROOT = iphoneos;
			};
			name = Debug;
		};
		0E70C55D2B97EFDE004BEE9B /* Release */ = {
			isa = XCBuildConfiguration;
			buildSettings = {
				ALWAYS_SEARCH_USER_PATHS = NO;
				CLANG_ANALYZER_NONNULL = YES;
				CLANG_ANALYZER_NUMBER_OBJECT_CONVERSION = YES_AGGRESSIVE;
				CLANG_CXX_LANGUAGE_STANDARD = "gnu++20";
				CLANG_ENABLE_MODULES = YES;
				CLANG_ENABLE_OBJC_ARC = YES;
				CLANG_ENABLE_OBJC_WEAK = YES;
				CLANG_WARN_BLOCK_CAPTURE_AUTORELEASING = YES;
				CLANG_WARN_BOOL_CONVERSION = YES;
				CLANG_WARN_COMMA = YES;
				CLANG_WARN_CONSTANT_CONVERSION = YES;
				CLANG_WARN_DEPRECATED_OBJC_IMPLEMENTATIONS = YES;
				CLANG_WARN_DIRECT_OBJC_ISA_USAGE = YES_ERROR;
				CLANG_WARN_DOCUMENTATION_COMMENTS = YES;
				CLANG_WARN_EMPTY_BODY = YES;
				CLANG_WARN_ENUM_CONVERSION = YES;
				CLANG_WARN_INFINITE_RECURSION = YES;
				CLANG_WARN_INT_CONVERSION = YES;
				CLANG_WARN_NON_LITERAL_NULL_CONVERSION = YES;
				CLANG_WARN_OBJC_IMPLICIT_RETAIN_SELF = YES;
				CLANG_WARN_OBJC_LITERAL_CONVERSION = YES;
				CLANG_WARN_OBJC_ROOT_CLASS = YES_ERROR;
				CLANG_WARN_QUOTED_INCLUDE_IN_FRAMEWORK_HEADER = YES;
				CLANG_WARN_RANGE_LOOP_ANALYSIS = YES;
				CLANG_WARN_STRICT_PROTOTYPES = YES;
				CLANG_WARN_SUSPICIOUS_MOVE = YES;
				CLANG_WARN_UNGUARDED_AVAILABILITY = YES_AGGRESSIVE;
				CLANG_WARN_UNREACHABLE_CODE = YES;
				CLANG_WARN__DUPLICATE_METHOD_MATCH = YES;
				COPY_PHASE_STRIP = NO;
				DEBUG_INFORMATION_FORMAT = "dwarf-with-dsym";
				ENABLE_NS_ASSERTIONS = NO;
				ENABLE_STRICT_OBJC_MSGSEND = YES;
				GCC_C_LANGUAGE_STANDARD = gnu11;
				GCC_NO_COMMON_BLOCKS = YES;
				GCC_WARN_64_TO_32_BIT_CONVERSION = YES;
				GCC_WARN_ABOUT_RETURN_TYPE = YES_ERROR;
				GCC_WARN_UNDECLARED_SELECTOR = YES;
				GCC_WARN_UNINITIALIZED_AUTOS = YES_AGGRESSIVE;
				GCC_WARN_UNUSED_FUNCTION = YES;
				GCC_WARN_UNUSED_VARIABLE = YES;
				IPHONEOS_DEPLOYMENT_TARGET = 16.4;
				MTL_ENABLE_DEBUG_INFO = NO;
				MTL_FAST_MATH = YES;
				SDKROOT = iphoneos;
				VALIDATE_PRODUCT = YES;
			};
			name = Release;
		};
		0E70C55F2B97EFDE004BEE9B /* Debug */ = {
			isa = XCBuildConfiguration;
			buildSettings = {
				ASSETCATALOG_COMPILER_APPICON_NAME = AppIcon;
				ASSETCATALOG_COMPILER_GLOBAL_ACCENT_COLOR_NAME = AccentColor;
				CODE_SIGN_STYLE = Automatic;
				CURRENT_PROJECT_VERSION = 1;
				GENERATE_INFOPLIST_FILE = YES;
				INFOPLIST_FILE = CatMeowApp/Info.plist;
				INFOPLIST_KEY_UIApplicationSupportsIndirectInputEvents = YES;
				INFOPLIST_KEY_UILaunchStoryboardName = LaunchScreen;
				INFOPLIST_KEY_UIMainStoryboardFile = Main;
				INFOPLIST_KEY_UIStatusBarStyle = UIStatusBarStyleLightContent;
				INFOPLIST_KEY_UISupportedInterfaceOrientations_iPad = "UIInterfaceOrientationPortrait UIInterfaceOrientationPortraitUpsideDown UIInterfaceOrientationLandscapeLeft UIInterfaceOrientationLandscapeRight";
				INFOPLIST_KEY_UISupportedInterfaceOrientations_iPhone = "UIInterfaceOrientationPortrait UIInterfaceOrientationLandscapeLeft UIInterfaceOrientationLandscapeRight";
				LD_RUNPATH_SEARCH_PATHS = (
					"$(inherited)",
					"@executable_path/Frameworks",
				);
				MARKETING_VERSION = 1.0;
				PRODUCT_BUNDLE_IDENTIFIER = kschanz.CatMeowApp;
				PRODUCT_NAME = "$(TARGET_NAME)";
				SWIFT_EMIT_LOC_STRINGS = YES;
				TARGETED_DEVICE_FAMILY = "1,2";
			};
			name = Debug;
		};
		0E70C5602B97EFDE004BEE9B /* Release */ = {
			isa = XCBuildConfiguration;
			buildSettings = {
				ASSETCATALOG_COMPILER_APPICON_NAME = AppIcon;
				ASSETCATALOG_COMPILER_GLOBAL_ACCENT_COLOR_NAME = AccentColor;
				CODE_SIGN_STYLE = Automatic;
				CURRENT_PROJECT_VERSION = 1;
				GENERATE_INFOPLIST_FILE = YES;
				INFOPLIST_FILE = CatMeowApp/Info.plist;
				INFOPLIST_KEY_UIApplicationSupportsIndirectInputEvents = YES;
				INFOPLIST_KEY_UILaunchStoryboardName = LaunchScreen;
				INFOPLIST_KEY_UIMainStoryboardFile = Main;
				INFOPLIST_KEY_UIStatusBarStyle = UIStatusBarStyleLightContent;
				INFOPLIST_KEY_UISupportedInterfaceOrientations_iPad = "UIInterfaceOrientationPortrait UIInterfaceOrientationPortraitUpsideDown UIInterfaceOrientationLandscapeLeft UIInterfaceOrientationLandscapeRight";
				INFOPLIST_KEY_UISupportedInterfaceOrientations_iPhone = "UIInterfaceOrientationPortrait UIInterfaceOrientationLandscapeLeft UIInterfaceOrientationLandscapeRight";
				LD_RUNPATH_SEARCH_PATHS = (
					"$(inherited)",
					"@executable_path/Frameworks",
				);
				MARKETING_VERSION = 1.0;
				PRODUCT_BUNDLE_IDENTIFIER = kschanz.CatMeowApp;
				PRODUCT_NAME = "$(TARGET_NAME)";
				SWIFT_EMIT_LOC_STRINGS = YES;
				TARGETED_DEVICE_FAMILY = "1,2";
			};
			name = Release;
		};
		0E70C5622B97EFDE004BEE9B /* Debug */ = {
			isa = XCBuildConfiguration;
			buildSettings = {
				BUNDLE_LOADER = "$(TEST_HOST)";
				CODE_SIGN_STYLE = Automatic;
				CURRENT_PROJECT_VERSION = 1;
				GENERATE_INFOPLIST_FILE = YES;
				IPHONEOS_DEPLOYMENT_TARGET = 16.4;
				MARKETING_VERSION = 1.0;
				PRODUCT_BUNDLE_IDENTIFIER = kschanz.CatMeowAppTests;
				PRODUCT_NAME = "$(TARGET_NAME)";
				SWIFT_EMIT_LOC_STRINGS = NO;
				TARGETED_DEVICE_FAMILY = "1,2";
				TEST_HOST = "$(BUILT_PRODUCTS_DIR)/CatMeowApp.app/$(BUNDLE_EXECUTABLE_FOLDER_PATH)/CatMeowApp";
			};
			name = Debug;
		};
		0E70C5632B97EFDE004BEE9B /* Release */ = {
			isa = XCBuildConfiguration;
			buildSettings = {
				BUNDLE_LOADER = "$(TEST_HOST)";
				CODE_SIGN_STYLE = Automatic;
				CURRENT_PROJECT_VERSION = 1;
				GENERATE_INFOPLIST_FILE = YES;
				IPHONEOS_DEPLOYMENT_TARGET = 16.4;
				MARKETING_VERSION = 1.0;
				PRODUCT_BUNDLE_IDENTIFIER = kschanz.CatMeowAppTests;
				PRODUCT_NAME = "$(TARGET_NAME)";
				SWIFT_EMIT_LOC_STRINGS = NO;
				TARGETED_DEVICE_FAMILY = "1,2";
				TEST_HOST = "$(BUILT_PRODUCTS_DIR)/CatMeowApp.app/$(BUNDLE_EXECUTABLE_FOLDER_PATH)/CatMeowApp";
			};
			name = Release;
		};
		0E70C5652B97EFDE004BEE9B /* Debug */ = {
			isa = XCBuildConfiguration;
			buildSettings = {
				CODE_SIGN_STYLE = Automatic;
				CURRENT_PROJECT_VERSION = 1;
				GENERATE_INFOPLIST_FILE = YES;
				MARKETING_VERSION = 1.0;
				PRODUCT_BUNDLE_IDENTIFIER = kschanz.CatMeowAppUITests;
				PRODUCT_NAME = "$(TARGET_NAME)";
				SWIFT_EMIT_LOC_STRINGS = NO;
				TARGETED_DEVICE_FAMILY = "1,2";
				TEST_TARGET_NAME = CatMeowApp;
			};
			name = Debug;
		};
		0E70C5662B97EFDE004BEE9B /* Release */ = {
			isa = XCBuildConfiguration;
			buildSettings = {
				CODE_SIGN_STYLE = Automatic;
				CURRENT_PROJECT_VERSION = 1;
				GENERATE_INFOPLIST_FILE = YES;
				MARKETING_VERSION = 1.0;
				PRODUCT_BUNDLE_IDENTIFIER = kschanz.CatMeowAppUITests;
				PRODUCT_NAME = "$(TARGET_NAME)";
				SWIFT_EMIT_LOC_STRINGS = NO;
				TARGETED_DEVICE_FAMILY = "1,2";
				TEST_TARGET_NAME = CatMeowApp;
			};
			name = Release;
		};
/* End XCBuildConfiguration section */

/* Begin XCConfigurationList section */
		0E70C52A2B97EFDD004BEE9B /* Build configuration list for PBXProject "CatMeowApp" */ = {
			isa = XCConfigurationList;
			buildConfigurations = (
				0E70C55C2B97EFDE004BEE9B /* Debug */,
				0E70C55D2B97EFDE004BEE9B /* Release */,
			);
			defaultConfigurationIsVisible = 0;
			defaultConfigurationName = Release;
		};
		0E70C55E2B97EFDE004BEE9B /* Build configuration list for PBXNativeTarget "CatMeowApp" */ = {
			isa = XCConfigurationList;
			buildConfigurations = (
				0E70C55F2B97EFDE004BEE9B /* Debug */,
				0E70C5602B97EFDE004BEE9B /* Release */,
			);
			defaultConfigurationIsVisible = 0;
			defaultConfigurationName = Release;
		};
		0E70C5612B97EFDE004BEE9B /* Build configuration list for PBXNativeTarget "CatMeowAppTests" */ = {
			isa = XCConfigurationList;
			buildConfigurations = (
				0E70C5622B97EFDE004BEE9B /* Debug */,
				0E70C5632B97EFDE004BEE9B /* Release */,
			);
			defaultConfigurationIsVisible = 0;
			defaultConfigurationName = Release;
		};
		0E70C5642B97EFDE004BEE9B /* Build configuration list for PBXNativeTarget "CatMeowAppUITests" */ = {
			isa = XCConfigurationList;
			buildConfigurations = (
				0E70C5652B97EFDE004BEE9B /* Debug */,
				0E70C5662B97EFDE004BEE9B /* Release */,
			);
			defaultConfigurationIsVisible = 0;
			defaultConfigurationName = Release;
		};
/* End XCConfigurationList section */
	};
	rootObject = 0E70C5272B97EFDD004BEE9B /* Project object */;
}
